
Microsoft Visual Studio Solution File, Format Version 11.00
# Visual Studio 2010
Project("{FAE04EC0-301F-11D3-BF4B-00C04F79EFBC}") = "eAd", "eAd\eAd.csproj", "{A9B1A6B8-D69A-4430-BE67-6FA4BB6E5B4B}"
EndProject
Project("{FAE04EC0-301F-11D3-BF4B-00C04F79EFBC}") = "eAd.Website", "eAd.Website\eAd.Website.csproj", "{4C3B8286-7F61-49E4-8D88-0293F18C2C37}"
EndProject
Project("{FAE04EC0-301F-11D3-BF4B-00C04F79EFBC}") = "eAd.ClientConfiguration", "eAd.ClientConfiguration\eAd.ClientConfiguration.csproj", "{66F6656A-6A03-4F5B-8428-FDDDA5830C63}"
EndProject
Project("{FAE04EC0-301F-11D3-BF4B-00C04F79EFBC}") = "eAd.DataAccess", "eAd.DataService\eAd.DataAccess.csproj", "{0FCFE42B-027D-43DB-9149-068ED514303C}"
EndProject
Project("{FAE04EC0-301F-11D3-BF4B-00C04F79EFBC}") = "eAd.DataViewModels", "eAd.DataViewModels\eAd.DataViewModels.csproj", "{47A32603-2D64-4BD5-A503-F1142A5C2733}"
EndProject
Project("{FAE04EC0-301F-11D3-BF4B-00C04F79EFBC}") = "eAd.Monitor", "eAd.Monitor\eAd.Monitor.csproj", "{D27EA795-2586-4E57-823C-C3078534F942}"
EndProject
Project("{54435603-DBB4-11D2-8724-00A0C9A8B90C}") = "eAd.Setup", "eAd.Setup\eAd.Setup.vdproj", "{7D15554C-1032-460D-8E22-67916FDB0BC7}"
EndProject
Project("{FAE04EC0-301F-11D3-BF4B-00C04F79EFBC}") = "eAd.Utilities", "eAd.Utilities\eAd.Utilities.csproj", "{ECD7174B-B905-46AF-B371-72D8A81103F1}"
EndProject
Project("{FAE04EC0-301F-11D3-BF4B-00C04F79EFBC}") = "irio.mvc.fileupload", "irio.mvc.fileupload\irio.mvc.fileupload.csproj", "{3952B2A5-2E41-4921-9BD1-1331099D690C}"
EndProject
Project("{FAE04EC0-301F-11D3-BF4B-00C04F79EFBC}") = "irio.mvc.htmlhelpers", "irio.mvc.htmlhelpers\irio.mvc.htmlhelpers.csproj", "{37201E0B-014E-4EA6-9F84-9551DD2DDFE8}"
EndProject
Project("{FAE04EC0-301F-11D3-BF4B-00C04F79EFBC}") = "irio.utilities", "irio.utilities\irio.utilities.csproj", "{7DF57062-342C-40A6-84CC-E504534B0189}"
EndProject
Project("{FAE04EC0-301F-11D3-BF4B-00C04F79EFBC}") = "eAd.DesktopClient", "eAd.DesktopClient\eAd.DesktopClient.csproj", "{1B762266-9A36-4131-913E-80716070360E}"
EndProject
Project("{FAE04EC0-301F-11D3-BF4B-00C04F79EFBC}") = "Client", "Client\Client.csproj", "{870155F1-F5FF-426A-9BBF-9779DBCBC9B8}"
	ProjectSection(ProjectDependencies) = postProject
		{0FCFE42B-027D-43DB-9149-068ED514303C} = {0FCFE42B-027D-43DB-9149-068ED514303C}
	EndProjectSection
EndProject
Global
	GlobalSection(SolutionConfigurationPlatforms) = preSolution
		Debug|Any CPU = Debug|Any CPU
		Debug|Mixed Platforms = Debug|Mixed Platforms
		Debug|x86 = Debug|x86
		Deploy|Any CPU = Deploy|Any CPU
		Deploy|Mixed Platforms = Deploy|Mixed Platforms
		Deploy|x86 = Deploy|x86
		Release|Any CPU = Release|Any CPU
		Release|Mixed Platforms = Release|Mixed Platforms
		Release|x86 = Release|x86
	EndGlobalSection
	GlobalSection(ProjectConfigurationPlatforms) = postSolution
		{A9B1A6B8-D69A-4430-BE67-6FA4BB6E5B4B}.Debug|Any CPU.ActiveCfg = Debug|x86
		{A9B1A6B8-D69A-4430-BE67-6FA4BB6E5B4B}.Debug|Mixed Platforms.ActiveCfg = Debug|x86
		{A9B1A6B8-D69A-4430-BE67-6FA4BB6E5B4B}.Debug|Mixed Platforms.Build.0 = Debug|x86
		{A9B1A6B8-D69A-4430-BE67-6FA4BB6E5B4B}.Debug|x86.ActiveCfg = Debug|x86
		{A9B1A6B8-D69A-4430-BE67-6FA4BB6E5B4B}.Debug|x86.Build.0 = Debug|x86
		{A9B1A6B8-D69A-4430-BE67-6FA4BB6E5B4B}.Deploy|Any CPU.ActiveCfg = Debug|x86
		{A9B1A6B8-D69A-4430-BE67-6FA4BB6E5B4B}.Deploy|Mixed Platforms.ActiveCfg = Debug|x86
		{A9B1A6B8-D69A-4430-BE67-6FA4BB6E5B4B}.Deploy|Mixed Platforms.Build.0 = Debug|x86
		{A9B1A6B8-D69A-4430-BE67-6FA4BB6E5B4B}.Deploy|x86.ActiveCfg = Debug|x86
		{A9B1A6B8-D69A-4430-BE67-6FA4BB6E5B4B}.Deploy|x86.Build.0 = Debug|x86
		{A9B1A6B8-D69A-4430-BE67-6FA4BB6E5B4B}.Release|Any CPU.ActiveCfg = Release|x86
		{A9B1A6B8-D69A-4430-BE67-6FA4BB6E5B4B}.Release|Mixed Platforms.ActiveCfg = Release|x86
		{A9B1A6B8-D69A-4430-BE67-6FA4BB6E5B4B}.Release|Mixed Platforms.Build.0 = Release|x86
		{A9B1A6B8-D69A-4430-BE67-6FA4BB6E5B4B}.Release|x86.ActiveCfg = Release|x86
		{A9B1A6B8-D69A-4430-BE67-6FA4BB6E5B4B}.Release|x86.Build.0 = Release|x86
		{4C3B8286-7F61-49E4-8D88-0293F18C2C37}.Debug|Any CPU.ActiveCfg = Debug|Any CPU
		{4C3B8286-7F61-49E4-8D88-0293F18C2C37}.Debug|Any CPU.Build.0 = Debug|Any CPU
		{4C3B8286-7F61-49E4-8D88-0293F18C2C37}.Debug|Mixed Platforms.ActiveCfg = Debug|Any CPU
		{4C3B8286-7F61-49E4-8D88-0293F18C2C37}.Debug|Mixed Platforms.Build.0 = Debug|Any CPU
		{4C3B8286-7F61-49E4-8D88-0293F18C2C37}.Debug|x86.ActiveCfg = Debug|Any CPU
		{4C3B8286-7F61-49E4-8D88-0293F18C2C37}.Deploy|Any CPU.ActiveCfg = Deploy|Any CPU
		{4C3B8286-7F61-49E4-8D88-0293F18C2C37}.Deploy|Any CPU.Build.0 = Deploy|Any CPU
		{4C3B8286-7F61-49E4-8D88-0293F18C2C37}.Deploy|Mixed Platforms.ActiveCfg = Deploy|Any CPU
		{4C3B8286-7F61-49E4-8D88-0293F18C2C37}.Deploy|Mixed Platforms.Build.0 = Deploy|Any CPU
		{4C3B8286-7F61-49E4-8D88-0293F18C2C37}.Deploy|x86.ActiveCfg = Deploy|Any CPU
		{4C3B8286-7F61-49E4-8D88-0293F18C2C37}.Release|Any CPU.ActiveCfg = Release|Any CPU
		{4C3B8286-7F61-49E4-8D88-0293F18C2C37}.Release|Any CPU.Build.0 = Release|Any CPU
		{4C3B8286-7F61-49E4-8D88-0293F18C2C37}.Release|Mixed Platforms.ActiveCfg = Release|Any CPU
		{4C3B8286-7F61-49E4-8D88-0293F18C2C37}.Release|Mixed Platforms.Build.0 = Release|Any CPU
		{4C3B8286-7F61-49E4-8D88-0293F18C2C37}.Release|x86.ActiveCfg = Release|Any CPU
		{66F6656A-6A03-4F5B-8428-FDDDA5830C63}.Debug|Any CPU.ActiveCfg = Debug|x86
		{66F6656A-6A03-4F5B-8428-FDDDA5830C63}.Debug|Mixed Platforms.ActiveCfg = Debug|x86
		{66F6656A-6A03-4F5B-8428-FDDDA5830C63}.Debug|Mixed Platforms.Build.0 = Debug|x86
		{66F6656A-6A03-4F5B-8428-FDDDA5830C63}.Debug|x86.ActiveCfg = Debug|x86
		{66F6656A-6A03-4F5B-8428-FDDDA5830C63}.Debug|x86.Build.0 = Debug|x86
		{66F6656A-6A03-4F5B-8428-FDDDA5830C63}.Deploy|Any CPU.ActiveCfg = Debug|x86
		{66F6656A-6A03-4F5B-8428-FDDDA5830C63}.Deploy|Mixed Platforms.ActiveCfg = Debug|x86
		{66F6656A-6A03-4F5B-8428-FDDDA5830C63}.Deploy|Mixed Platforms.Build.0 = Debug|x86
		{66F6656A-6A03-4F5B-8428-FDDDA5830C63}.Deploy|x86.ActiveCfg = Debug|x86
		{66F6656A-6A03-4F5B-8428-FDDDA5830C63}.Deploy|x86.Build.0 = Debug|x86
		{66F6656A-6A03-4F5B-8428-FDDDA5830C63}.Release|Any CPU.ActiveCfg = Release|x86
		{66F6656A-6A03-4F5B-8428-FDDDA5830C63}.Release|Mixed Platforms.ActiveCfg = Release|x86
		{66F6656A-6A03-4F5B-8428-FDDDA5830C63}.Release|Mixed Platforms.Build.0 = Release|x86
		{66F6656A-6A03-4F5B-8428-FDDDA5830C63}.Release|x86.ActiveCfg = Release|x86
		{66F6656A-6A03-4F5B-8428-FDDDA5830C63}.Release|x86.Build.0 = Release|x86
		{0FCFE42B-027D-43DB-9149-068ED514303C}.Debug|Any CPU.ActiveCfg = Debug|Any CPU
		{0FCFE42B-027D-43DB-9149-068ED514303C}.Debug|Any CPU.Build.0 = Debug|Any CPU
		{0FCFE42B-027D-43DB-9149-068ED514303C}.Debug|Mixed Platforms.ActiveCfg = Debug|Any CPU
		{0FCFE42B-027D-43DB-9149-068ED514303C}.Debug|Mixed Platforms.Build.0 = Debug|Any CPU
		{0FCFE42B-027D-43DB-9149-068ED514303C}.Debug|x86.ActiveCfg = Debug|Any CPU
		{0FCFE42B-027D-43DB-9149-068ED514303C}.Deploy|Any CPU.ActiveCfg = Deploy|Any CPU
		{0FCFE42B-027D-43DB-9149-068ED514303C}.Deploy|Any CPU.Build.0 = Deploy|Any CPU
		{0FCFE42B-027D-43DB-9149-068ED514303C}.Deploy|Mixed Platforms.ActiveCfg = Deploy|Any CPU
		{0FCFE42B-027D-43DB-9149-068ED514303C}.Deploy|Mixed Platforms.Build.0 = Deploy|Any CPU
		{0FCFE42B-027D-43DB-9149-068ED514303C}.Deploy|x86.ActiveCfg = Deploy|Any CPU
		{0FCFE42B-027D-43DB-9149-068ED514303C}.Release|Any CPU.ActiveCfg = Release|Any CPU
		{0FCFE42B-027D-43DB-9149-068ED514303C}.Release|Any CPU.Build.0 = Release|Any CPU
		{0FCFE42B-027D-43DB-9149-068ED514303C}.Release|Mixed Platforms.ActiveCfg = Release|Any CPU
		{0FCFE42B-027D-43DB-9149-068ED514303C}.Release|Mixed Platforms.Build.0 = Release|Any CPU
		{0FCFE42B-027D-43DB-9149-068ED514303C}.Release|x86.ActiveCfg = Release|Any CPU
		{47A32603-2D64-4BD5-A503-F1142A5C2733}.Debug|Any CPU.ActiveCfg = Debug|Any CPU
		{47A32603-2D64-4BD5-A503-F1142A5C2733}.Debug|Any CPU.Build.0 = Debug|Any CPU
		{47A32603-2D64-4BD5-A503-F1142A5C2733}.Debug|Mixed Platforms.ActiveCfg = Debug|Any CPU
		{47A32603-2D64-4BD5-A503-F1142A5C2733}.Debug|Mixed Platforms.Build.0 = Debug|Any CPU
		{47A32603-2D64-4BD5-A503-F1142A5C2733}.Debug|x86.ActiveCfg = Debug|Any CPU
		{47A32603-2D64-4BD5-A503-F1142A5C2733}.Deploy|Any CPU.ActiveCfg = Debug|Any CPU
		{47A32603-2D64-4BD5-A503-F1142A5C2733}.Deploy|Any CPU.Build.0 = Debug|Any CPU
		{47A32603-2D64-4BD5-A503-F1142A5C2733}.Deploy|Mixed Platforms.ActiveCfg = Debug|Any CPU
		{47A32603-2D64-4BD5-A503-F1142A5C2733}.Deploy|Mixed Platforms.Build.0 = Debug|Any CPU
		{47A32603-2D64-4BD5-A503-F1142A5C2733}.Deploy|x86.ActiveCfg = Debug|Any CPU
		{47A32603-2D64-4BD5-A503-F1142A5C2733}.Release|Any CPU.ActiveCfg = Release|Any CPU
		{47A32603-2D64-4BD5-A503-F1142A5C2733}.Release|Any CPU.Build.0 = Release|Any CPU
		{47A32603-2D64-4BD5-A503-F1142A5C2733}.Release|Mixed Platforms.ActiveCfg = Release|Any CPU
		{47A32603-2D64-4BD5-A503-F1142A5C2733}.Release|Mixed Platforms.Build.0 = Release|Any CPU
		{47A32603-2D64-4BD5-A503-F1142A5C2733}.Release|x86.ActiveCfg = Release|Any CPU
		{D27EA795-2586-4E57-823C-C3078534F942}.Debug|Any CPU.ActiveCfg = Debug|x86
		{D27EA795-2586-4E57-823C-C3078534F942}.Debug|Mixed Platforms.ActiveCfg = Debug|x86
		{D27EA795-2586-4E57-823C-C3078534F942}.Debug|Mixed Platforms.Build.0 = Debug|x86
		{D27EA795-2586-4E57-823C-C3078534F942}.Debug|x86.ActiveCfg = Debug|x86
		{D27EA795-2586-4E57-823C-C3078534F942}.Debug|x86.Build.0 = Debug|x86
		{D27EA795-2586-4E57-823C-C3078534F942}.Deploy|Any CPU.ActiveCfg = Debug|x86
		{D27EA795-2586-4E57-823C-C3078534F942}.Deploy|Mixed Platforms.ActiveCfg = Debug|x86
		{D27EA795-2586-4E57-823C-C3078534F942}.Deploy|Mixed Platforms.Build.0 = Debug|x86
		{D27EA795-2586-4E57-823C-C3078534F942}.Deploy|x86.ActiveCfg = Debug|x86
		{D27EA795-2586-4E57-823C-C3078534F942}.Deploy|x86.Build.0 = Debug|x86
		{D27EA795-2586-4E57-823C-C3078534F942}.Release|Any CPU.ActiveCfg = Release|x86
		{D27EA795-2586-4E57-823C-C3078534F942}.Release|Mixed Platforms.ActiveCfg = Release|x86
		{D27EA795-2586-4E57-823C-C3078534F942}.Release|Mixed Platforms.Build.0 = Release|x86
		{D27EA795-2586-4E57-823C-C3078534F942}.Release|x86.ActiveCfg = Release|x86
		{D27EA795-2586-4E57-823C-C3078534F942}.Release|x86.Build.0 = Release|x86
		{7D15554C-1032-460D-8E22-67916FDB0BC7}.Debug|Any CPU.ActiveCfg = Debug
		{7D15554C-1032-460D-8E22-67916FDB0BC7}.Debug|Any CPU.Build.0 = Debug
		{7D15554C-1032-460D-8E22-67916FDB0BC7}.Debug|Mixed Platforms.ActiveCfg = Debug
		{7D15554C-1032-460D-8E22-67916FDB0BC7}.Debug|Mixed Platforms.Build.0 = Debug
		{7D15554C-1032-460D-8E22-67916FDB0BC7}.Debug|x86.ActiveCfg = Debug
		{7D15554C-1032-460D-8E22-67916FDB0BC7}.Debug|x86.Build.0 = Debug
		{7D15554C-1032-460D-8E22-67916FDB0BC7}.Deploy|Any CPU.ActiveCfg = Debug
		{7D15554C-1032-460D-8E22-67916FDB0BC7}.Deploy|Any CPU.Build.0 = Debug
		{7D15554C-1032-460D-8E22-67916FDB0BC7}.Deploy|Mixed Platforms.ActiveCfg = Debug
		{7D15554C-1032-460D-8E22-67916FDB0BC7}.Deploy|Mixed Platforms.Build.0 = Debug
		{7D15554C-1032-460D-8E22-67916FDB0BC7}.Deploy|x86.ActiveCfg = Debug
		{7D15554C-1032-460D-8E22-67916FDB0BC7}.Deploy|x86.Build.0 = Debug
		{7D15554C-1032-460D-8E22-67916FDB0BC7}.Release|Any CPU.ActiveCfg = Release
		{7D15554C-1032-460D-8E22-67916FDB0BC7}.Release|Any CPU.Build.0 = Release
		{7D15554C-1032-460D-8E22-67916FDB0BC7}.Release|Mixed Platforms.ActiveCfg = Release
		{7D15554C-1032-460D-8E22-67916FDB0BC7}.Release|Mixed Platforms.Build.0 = Release
		{7D15554C-1032-460D-8E22-67916FDB0BC7}.Release|x86.ActiveCfg = Release
		{7D15554C-1032-460D-8E22-67916FDB0BC7}.Release|x86.Build.0 = Release
		{ECD7174B-B905-46AF-B371-72D8A81103F1}.Debug|Any CPU.ActiveCfg = Debug|Any CPU
		{ECD7174B-B905-46AF-B371-72D8A81103F1}.Debug|Any CPU.Build.0 = Debug|Any CPU
		{ECD7174B-B905-46AF-B371-72D8A81103F1}.Debug|Mixed Platforms.ActiveCfg = Debug|Any CPU
		{ECD7174B-B905-46AF-B371-72D8A81103F1}.Debug|Mixed Platforms.Build.0 = Debug|Any CPU
		{ECD7174B-B905-46AF-B371-72D8A81103F1}.Debug|x86.ActiveCfg = Debug|Any CPU
		{ECD7174B-B905-46AF-B371-72D8A81103F1}.Deploy|Any CPU.ActiveCfg = Debug|Any CPU
		{ECD7174B-B905-46AF-B371-72D8A81103F1}.Deploy|Any CPU.Build.0 = Debug|Any CPU
		{ECD7174B-B905-46AF-B371-72D8A81103F1}.Deploy|Mixed Platforms.ActiveCfg = Debug|Any CPU
		{ECD7174B-B905-46AF-B371-72D8A81103F1}.Deploy|Mixed Platforms.Build.0 = Debug|Any CPU
		{ECD7174B-B905-46AF-B371-72D8A81103F1}.Deploy|x86.ActiveCfg = Debug|Any CPU
		{ECD7174B-B905-46AF-B371-72D8A81103F1}.Release|Any CPU.ActiveCfg = Release|Any CPU
		{ECD7174B-B905-46AF-B371-72D8A81103F1}.Release|Any CPU.Build.0 = Release|Any CPU
		{ECD7174B-B905-46AF-B371-72D8A81103F1}.Release|Mixed Platforms.ActiveCfg = Release|Any CPU
		{ECD7174B-B905-46AF-B371-72D8A81103F1}.Release|Mixed Platforms.Build.0 = Release|Any CPU
		{ECD7174B-B905-46AF-B371-72D8A81103F1}.Release|x86.ActiveCfg = Release|Any CPU
		{3952B2A5-2E41-4921-9BD1-1331099D690C}.Debug|Any CPU.ActiveCfg = Debug|Any CPU
		{3952B2A5-2E41-4921-9BD1-1331099D690C}.Debug|Any CPU.Build.0 = Debug|Any CPU
		{3952B2A5-2E41-4921-9BD1-1331099D690C}.Debug|Mixed Platforms.ActiveCfg = Debug|Any CPU
		{3952B2A5-2E41-4921-9BD1-1331099D690C}.Debug|Mixed Platforms.Build.0 = Debug|Any CPU
		{3952B2A5-2E41-4921-9BD1-1331099D690C}.Debug|x86.ActiveCfg = Debug|Any CPU
		{3952B2A5-2E41-4921-9BD1-1331099D690C}.Deploy|Any CPU.ActiveCfg = Debug|Any CPU
		{3952B2A5-2E41-4921-9BD1-1331099D690C}.Deploy|Any CPU.Build.0 = Debug|Any CPU
		{3952B2A5-2E41-4921-9BD1-1331099D690C}.Deploy|Mixed Platforms.ActiveCfg = Debug|Any CPU
		{3952B2A5-2E41-4921-9BD1-1331099D690C}.Deploy|Mixed Platforms.Build.0 = Debug|Any CPU
		{3952B2A5-2E41-4921-9BD1-1331099D690C}.Deploy|x86.ActiveCfg = Debug|Any CPU
		{3952B2A5-2E41-4921-9BD1-1331099D690C}.Release|Any CPU.ActiveCfg = Release|Any CPU
		{3952B2A5-2E41-4921-9BD1-1331099D690C}.Release|Any CPU.Build.0 = Release|Any CPU
		{3952B2A5-2E41-4921-9BD1-1331099D690C}.Release|Mixed Platforms.ActiveCfg = Release|Any CPU
		{3952B2A5-2E41-4921-9BD1-1331099D690C}.Release|Mixed Platforms.Build.0 = Release|Any CPU
		{3952B2A5-2E41-4921-9BD1-1331099D690C}.Release|x86.ActiveCfg = Release|Any CPU
		{37201E0B-014E-4EA6-9F84-9551DD2DDFE8}.Debug|Any CPU.ActiveCfg = Debug|Any CPU
		{37201E0B-014E-4EA6-9F84-9551DD2DDFE8}.Debug|Any CPU.Build.0 = Debug|Any CPU
		{37201E0B-014E-4EA6-9F84-9551DD2DDFE8}.Debug|Mixed Platforms.ActiveCfg = Debug|Any CPU
		{37201E0B-014E-4EA6-9F84-9551DD2DDFE8}.Debug|Mixed Platforms.Build.0 = Debug|Any CPU
		{37201E0B-014E-4EA6-9F84-9551DD2DDFE8}.Debug|x86.ActiveCfg = Debug|Any CPU
		{37201E0B-014E-4EA6-9F84-9551DD2DDFE8}.Deploy|Any CPU.ActiveCfg = Debug|Any CPU
		{37201E0B-014E-4EA6-9F84-9551DD2DDFE8}.Deploy|Any CPU.Build.0 = Debug|Any CPU
		{37201E0B-014E-4EA6-9F84-9551DD2DDFE8}.Deploy|Mixed Platforms.ActiveCfg = Debug|Any CPU
		{37201E0B-014E-4EA6-9F84-9551DD2DDFE8}.Deploy|Mixed Platforms.Build.0 = Debug|Any CPU
		{37201E0B-014E-4EA6-9F84-9551DD2DDFE8}.Deploy|x86.ActiveCfg = Debug|Any CPU
		{37201E0B-014E-4EA6-9F84-9551DD2DDFE8}.Release|Any CPU.ActiveCfg = Release|Any CPU
		{37201E0B-014E-4EA6-9F84-9551DD2DDFE8}.Release|Any CPU.Build.0 = Release|Any CPU
		{37201E0B-014E-4EA6-9F84-9551DD2DDFE8}.Release|Mixed Platforms.ActiveCfg = Release|Any CPU
		{37201E0B-014E-4EA6-9F84-9551DD2DDFE8}.Release|Mixed Platforms.Build.0 = Release|Any CPU
		{37201E0B-014E-4EA6-9F84-9551DD2DDFE8}.Release|x86.ActiveCfg = Release|Any CPU
		{7DF57062-342C-40A6-84CC-E504534B0189}.Debug|Any CPU.ActiveCfg = Debug|Any CPU
		{7DF57062-342C-40A6-84CC-E504534B0189}.Debug|Any CPU.Build.0 = Debug|Any CPU
		{7DF57062-342C-40A6-84CC-E504534B0189}.Debug|Mixed Platforms.ActiveCfg = Debug|Any CPU
		{7DF57062-342C-40A6-84CC-E504534B0189}.Debug|Mixed Platforms.Build.0 = Debug|Any CPU
		{7DF57062-342C-40A6-84CC-E504534B0189}.Debug|x86.ActiveCfg = Debug|Any CPU
		{7DF57062-342C-40A6-84CC-E504534B0189}.Deploy|Any CPU.ActiveCfg = Debug|Any CPU
		{7DF57062-342C-40A6-84CC-E504534B0189}.Deploy|Any CPU.Build.0 = Debug|Any CPU
		{7DF57062-342C-40A6-84CC-E504534B0189}.Deploy|Mixed Platforms.ActiveCfg = Debug|Any CPU
		{7DF57062-342C-40A6-84CC-E504534B0189}.Deploy|Mixed Platforms.Build.0 = Debug|Any CPU
		{7DF57062-342C-40A6-84CC-E504534B0189}.Deploy|x86.ActiveCfg = Debug|Any CPU
		{7DF57062-342C-40A6-84CC-E504534B0189}.Release|Any CPU.ActiveCfg = Release|Any CPU
		{7DF57062-342C-40A6-84CC-E504534B0189}.Release|Any CPU.Build.0 = Release|Any CPU
		{7DF57062-342C-40A6-84CC-E504534B0189}.Release|Mixed Platforms.ActiveCfg = Release|Any CPU
		{7DF57062-342C-40A6-84CC-E504534B0189}.Release|Mixed Platforms.Build.0 = Release|Any CPU
		{7DF57062-342C-40A6-84CC-E504534B0189}.Release|x86.ActiveCfg = Release|Any CPU
		{1B762266-9A36-4131-913E-80716070360E}.Debug|Any CPU.ActiveCfg = Debug|x86
		{1B762266-9A36-4131-913E-80716070360E}.Debug|Mixed Platforms.ActiveCfg = Debug|x86
		{1B762266-9A36-4131-913E-80716070360E}.Debug|Mixed Platforms.Build.0 = Debug|x86
		{1B762266-9A36-4131-913E-80716070360E}.Debug|x86.ActiveCfg = Debug|x86
		{1B762266-9A36-4131-913E-80716070360E}.Debug|x86.Build.0 = Debug|x86
		{1B762266-9A36-4131-913E-80716070360E}.Deploy|Any CPU.ActiveCfg = Debug|x86
		{1B762266-9A36-4131-913E-80716070360E}.Deploy|Mixed Platforms.ActiveCfg = Debug|x86
		{1B762266-9A36-4131-913E-80716070360E}.Deploy|Mixed Platforms.Build.0 = Debug|x86
		{1B762266-9A36-4131-913E-80716070360E}.Deploy|x86.ActiveCfg = Debug|x86
		{1B762266-9A36-4131-913E-80716070360E}.Deploy|x86.Build.0 = Debug|x86
		{1B762266-9A36-4131-913E-80716070360E}.Release|Any CPU.ActiveCfg = Release|x86
		{1B762266-9A36-4131-913E-80716070360E}.Release|Mixed Platforms.ActiveCfg = Release|x86
		{1B762266-9A36-4131-913E-80716070360E}.Release|Mixed Platforms.Build.0 = Release|x86
		{1B762266-9A36-4131-913E-80716070360E}.Release|x86.ActiveCfg = Release|x86
		{1B762266-9A36-4131-913E-80716070360E}.Release|x86.Build.0 = Release|x86
		{870155F1-F5FF-426A-9BBF-9779DBCBC9B8}.Debug|Any CPU.ActiveCfg = Debug|x86
		{870155F1-F5FF-426A-9BBF-9779DBCBC9B8}.Debug|Mixed Platforms.ActiveCfg = Debug|x86
		{870155F1-F5FF-426A-9BBF-9779DBCBC9B8}.Debug|Mixed Platforms.Build.0 = Debug|x86
		{870155F1-F5FF-426A-9BBF-9779DBCBC9B8}.Debug|x86.ActiveCfg = Debug|x86
		{870155F1-F5FF-426A-9BBF-9779DBCBC9B8}.Debug|x86.Build.0 = Debug|x86
		{870155F1-F5FF-426A-9BBF-9779DBCBC9B8}.Deploy|Any CPU.ActiveCfg = Debug|x86
		{870155F1-F5FF-426A-9BBF-9779DBCBC9B8}.Deploy|Mixed Platforms.ActiveCfg = Debug|x86
		{870155F1-F5FF-426A-9BBF-9779DBCBC9B8}.Deploy|Mixed Platforms.Build.0 = Debug|x86
		{870155F1-F5FF-426A-9BBF-9779DBCBC9B8}.Deploy|x86.ActiveCfg = Debug|x86
		{870155F1-F5FF-426A-9BBF-9779DBCBC9B8}.Deploy|x86.Build.0 = Debug|x86
		{870155F1-F5FF-426A-9BBF-9779DBCBC9B8}.Release|Any CPU.ActiveCfg = Release|x86
		{870155F1-F5FF-426A-9BBF-9779DBCBC9B8}.Release|Mixed Platforms.ActiveCfg = Release|x86
		{870155F1-F5FF-426A-9BBF-9779DBCBC9B8}.Release|Mixed Platforms.Build.0 = Release|x86
		{870155F1-F5FF-426A-9BBF-9779DBCBC9B8}.Release|x86.ActiveCfg = Release|x86
		{870155F1-F5FF-426A-9BBF-9779DBCBC9B8}.Release|x86.Build.0 = Release|x86
	EndGlobalSection
	GlobalSection(SolutionProperties) = preSolution
		HideSolutionNode = FALSE
	EndGlobalSection
EndGlobal
